
Microsoft Visual Studio Solution File, Format Version 12.00
# Visual Studio Version 17
VisualStudioVersion = 17.2.32616.157
MinimumVisualStudioVersion = 10.0.40219.1
Project("{FAE04EC0-301F-11D3-BF4B-00C04F79EFBC}") = "HOLA_MUNDO", "HOLA_MUNDO.csproj", "{7A96037F-2351-45B6-842D-EB70D6F97666}"
EndProject
Global
	GlobalSection(SolutionConfigurationPlatforms) = preSolution
		Debug|Any CPU = Debug|Any CPU
		Release|Any CPU = Release|Any CPU
	EndGlobalSection
	GlobalSection(ProjectConfigurationPlatforms) = postSolution
		{7A96037F-2351-45B6-842D-EB70D6F97666}.Debug|Any CPU.ActiveCfg = Debug|Any CPU
		{7A96037F-2351-45B6-842D-EB70D6F97666}.Debug|Any CPU.Build.0 = Debug|Any CPU
		{7A96037F-2351-45B6-842D-EB70D6F97666}.Release|Any CPU.ActiveCfg = Release|Any CPU
		{7A96037F-2351-45B6-842D-EB70D6F97666}.Release|Any CPU.Build.0 = Release|Any CPU
	EndGlobalSection
	GlobalSection(SolutionProperties) = preSolution
		HideSolutionNode = FALSE
	EndGlobalSection
	GlobalSection(ExtensibilityGlobals) = postSolution
		SolutionGuid = {5F1CF25B-F8D3-4C20-BF9F-4F7CE6DDF47B}
	EndGlobalSection
EndGlobal
