
Microsoft Visual Studio Solution File, Format Version 12.00
# Visual Studio Version 17
VisualStudioVersion = 17.2.32616.157
MinimumVisualStudioVersion = 10.0.40219.1
Project("{FAE04EC0-301F-11D3-BF4B-00C04F79EFBC}") = "Tarea04", "Tarea04.csproj", "{993BDAA3-7BA8-4748-A271-6C8BAFAC6B44}"
EndProject
Global
	GlobalSection(SolutionConfigurationPlatforms) = preSolution
		Debug|Any CPU = Debug|Any CPU
		Release|Any CPU = Release|Any CPU
	EndGlobalSection
	GlobalSection(ProjectConfigurationPlatforms) = postSolution
		{993BDAA3-7BA8-4748-A271-6C8BAFAC6B44}.Debug|Any CPU.ActiveCfg = Debug|Any CPU
		{993BDAA3-7BA8-4748-A271-6C8BAFAC6B44}.Debug|Any CPU.Build.0 = Debug|Any CPU
		{993BDAA3-7BA8-4748-A271-6C8BAFAC6B44}.Release|Any CPU.ActiveCfg = Release|Any CPU
		{993BDAA3-7BA8-4748-A271-6C8BAFAC6B44}.Release|Any CPU.Build.0 = Release|Any CPU
	EndGlobalSection
	GlobalSection(SolutionProperties) = preSolution
		HideSolutionNode = FALSE
	EndGlobalSection
	GlobalSection(ExtensibilityGlobals) = postSolution
		SolutionGuid = {14EA37F3-BAD7-420A-9173-5FBFE93E21FF}
	EndGlobalSection
EndGlobal
