
Microsoft Visual Studio Solution File, Format Version 12.00
# Visual Studio Version 17
VisualStudioVersion = 17.2.32616.157
MinimumVisualStudioVersion = 10.0.40219.1
Project("{FAE04EC0-301F-11D3-BF4B-00C04F79EFBC}") = "ejercicioBuclesII", "ejercicioBuclesII.csproj", "{5EAC9433-5BCA-4208-B185-F1A528FAAECA}"
EndProject
Global
	GlobalSection(SolutionConfigurationPlatforms) = preSolution
		Debug|Any CPU = Debug|Any CPU
		Release|Any CPU = Release|Any CPU
	EndGlobalSection
	GlobalSection(ProjectConfigurationPlatforms) = postSolution
		{5EAC9433-5BCA-4208-B185-F1A528FAAECA}.Debug|Any CPU.ActiveCfg = Debug|Any CPU
		{5EAC9433-5BCA-4208-B185-F1A528FAAECA}.Debug|Any CPU.Build.0 = Debug|Any CPU
		{5EAC9433-5BCA-4208-B185-F1A528FAAECA}.Release|Any CPU.ActiveCfg = Release|Any CPU
		{5EAC9433-5BCA-4208-B185-F1A528FAAECA}.Release|Any CPU.Build.0 = Release|Any CPU
	EndGlobalSection
	GlobalSection(SolutionProperties) = preSolution
		HideSolutionNode = FALSE
	EndGlobalSection
	GlobalSection(ExtensibilityGlobals) = postSolution
		SolutionGuid = {8E7AA7DF-FB6F-4046-806F-F35AD6E70973}
	EndGlobalSection
EndGlobal
