
Microsoft Visual Studio Solution File, Format Version 12.00
# Visual Studio Version 17
VisualStudioVersion = 17.2.32616.157
MinimumVisualStudioVersion = 10.0.40219.1
Project("{FAE04EC0-301F-11D3-BF4B-00C04F79EFBC}") = "FuncionesyMetodosI", "FuncionesyMetodosI.csproj", "{0C5D471D-AED7-4C67-869D-3958577B5DDB}"
EndProject
Global
	GlobalSection(SolutionConfigurationPlatforms) = preSolution
		Debug|Any CPU = Debug|Any CPU
		Release|Any CPU = Release|Any CPU
	EndGlobalSection
	GlobalSection(ProjectConfigurationPlatforms) = postSolution
		{0C5D471D-AED7-4C67-869D-3958577B5DDB}.Debug|Any CPU.ActiveCfg = Debug|Any CPU
		{0C5D471D-AED7-4C67-869D-3958577B5DDB}.Debug|Any CPU.Build.0 = Debug|Any CPU
		{0C5D471D-AED7-4C67-869D-3958577B5DDB}.Release|Any CPU.ActiveCfg = Release|Any CPU
		{0C5D471D-AED7-4C67-869D-3958577B5DDB}.Release|Any CPU.Build.0 = Release|Any CPU
	EndGlobalSection
	GlobalSection(SolutionProperties) = preSolution
		HideSolutionNode = FALSE
	EndGlobalSection
	GlobalSection(ExtensibilityGlobals) = postSolution
		SolutionGuid = {8D7A600D-FB05-44C8-B190-CF2578246A2D}
	EndGlobalSection
EndGlobal
