
Microsoft Visual Studio Solution File, Format Version 12.00
# Visual Studio Version 17
VisualStudioVersion = 17.2.32616.157
MinimumVisualStudioVersion = 10.0.40219.1
Project("{FAE04EC0-301F-11D3-BF4B-00C04F79EFBC}") = "Generics", "Generics.csproj", "{E8FD8B40-A01F-4EBA-BE0C-6AB458974D18}"
EndProject
Global
	GlobalSection(SolutionConfigurationPlatforms) = preSolution
		Debug|Any CPU = Debug|Any CPU
		Release|Any CPU = Release|Any CPU
	EndGlobalSection
	GlobalSection(ProjectConfigurationPlatforms) = postSolution
		{E8FD8B40-A01F-4EBA-BE0C-6AB458974D18}.Debug|Any CPU.ActiveCfg = Debug|Any CPU
		{E8FD8B40-A01F-4EBA-BE0C-6AB458974D18}.Debug|Any CPU.Build.0 = Debug|Any CPU
		{E8FD8B40-A01F-4EBA-BE0C-6AB458974D18}.Release|Any CPU.ActiveCfg = Release|Any CPU
		{E8FD8B40-A01F-4EBA-BE0C-6AB458974D18}.Release|Any CPU.Build.0 = Release|Any CPU
	EndGlobalSection
	GlobalSection(SolutionProperties) = preSolution
		HideSolutionNode = FALSE
	EndGlobalSection
	GlobalSection(ExtensibilityGlobals) = postSolution
		SolutionGuid = {2D36BEBD-8B67-4A8F-9C26-7F1368A4F8A7}
	EndGlobalSection
EndGlobal
