
Microsoft Visual Studio Solution File, Format Version 12.00
# Visual Studio Version 17
VisualStudioVersion = 17.2.32616.157
MinimumVisualStudioVersion = 10.0.40219.1
Project("{FAE04EC0-301F-11D3-BF4B-00C04F79EFBC}") = "ClasesyObjetos", "ClasesyObjetos.csproj", "{060463C1-A0B9-418F-A647-CC379CAF1CCF}"
EndProject
Global
	GlobalSection(SolutionConfigurationPlatforms) = preSolution
		Debug|Any CPU = Debug|Any CPU
		Release|Any CPU = Release|Any CPU
	EndGlobalSection
	GlobalSection(ProjectConfigurationPlatforms) = postSolution
		{060463C1-A0B9-418F-A647-CC379CAF1CCF}.Debug|Any CPU.ActiveCfg = Debug|Any CPU
		{060463C1-A0B9-418F-A647-CC379CAF1CCF}.Debug|Any CPU.Build.0 = Debug|Any CPU
		{060463C1-A0B9-418F-A647-CC379CAF1CCF}.Release|Any CPU.ActiveCfg = Release|Any CPU
		{060463C1-A0B9-418F-A647-CC379CAF1CCF}.Release|Any CPU.Build.0 = Release|Any CPU
	EndGlobalSection
	GlobalSection(SolutionProperties) = preSolution
		HideSolutionNode = FALSE
	EndGlobalSection
	GlobalSection(ExtensibilityGlobals) = postSolution
		SolutionGuid = {3BD173CD-898D-4CAB-A864-7B2A98168B2C}
	EndGlobalSection
EndGlobal
